Microsoft Visual Studio Solution File, Format Version 12.00
# Visual Studio Version 17
VisualStudioVersion = 17.0.31903.59
MinimumVisualStudioVersion = 10.0.40219.1
Project("{BC8A1FFA-BEE3-4634-8014-F334798102B3}") = "vectorPath", "sgraphApp\vp_app.vcxproj", "{9AC53615-EA70-56E9-B28E-600D812A515F}"
EndProject
Project("{BC8A1FFA-BEE3-4634-8014-F334798102B3}") = "smartCore", "sgraphCore\vp_core.vcxproj", "{387E7461-62C9-5522-8E10-B5D761D7E8A5}"
EndProject
Project("{BC8A1FFA-BEE3-4634-8014-F334798102B3}") = "Clipper2", "sgraphThirdParty\vp_clipper2.vcxproj", "{F3A8AEB8-7BAF-53AA-A39A-20BD883F05F3}"
EndProject
Project("{BC8A1FFA-BEE3-4634-8014-F334798102B3}") = "smartGeometryCore", "sgraphGeometry\vp_geometry_core.vcxproj", "{64850208-FEAB-5B2C-82B8-7722ED641D62}"
EndProject
Project("{BC8A1FFA-BEE3-4634-8014-F334798102B3}") = "smartGeometry", "sgraphGeometry\vp_geometry.vcxproj", "{4978BDD5-33B7-5F69-B674-2D52A073C67C}"
EndProject
Project("{BC8A1FFA-BEE3-4634-8014-F334798102B3}") = "smartDocument", "sgraphDocument\vp_document.vcxproj", "{0FB76100-7DBC-58FD-BC1F-FDC87131973D}"
EndProject
Project("{BC8A1FFA-BEE3-4634-8014-F334798102B3}") = "smartCommands", "sgraphCommands\vp_commands.vcxproj", "{C1524D1C-3737-5D2F-8546-1A4FAF6373AA}"
EndProject
Project("{BC8A1FFA-BEE3-4634-8014-F334798102B3}") = "smartIo", "sgraphIo\vp_io.vcxproj", "{A1C9EC06-F7F3-5CE7-A329-F2802BC8FDD1}"
EndProject
Project("{BC8A1FFA-BEE3-4634-8014-F334798102B3}") = "smartRender", "sgraphRender\vp_render.vcxproj", "{1E0EB8B0-EDD4-5A65-85A3-51251883161F}"
EndProject
Project("{BC8A1FFA-BEE3-4634-8014-F334798102B3}") = "SARibbonBar", "sgraphThirdParty\vp_saribbon.vcxproj", "{C19F9EFD-08E1-5352-BE40-C84B1F454770}"
EndProject
Project("{BC8A1FFA-BEE3-4634-8014-F334798102B3}") = "qtadvanceddocking-qt5", "sgraphThirdParty\vp_qtads.vcxproj", "{7C075CD7-AC58-5246-A749-A5A64DBA2FBA}"
EndProject
Project("{BC8A1FFA-BEE3-4634-8014-F334798102B3}") = "smartGui", "sgraphGui\vp_gui.vcxproj", "{1D9FC94A-F681-57AC-9403-E913BA702DF1}"
EndProject
Project("{BC8A1FFA-BEE3-4634-8014-F334798102B3}") = "vectorPathCoreTests", "sgraphTests\vp_core_tests.vcxproj", "{BDA324AF-382A-544B-9302-ABC3E296C3C7}"
EndProject
Project("{BC8A1FFA-BEE3-4634-8014-F334798102B3}") = "vectorPathDesktopTests", "sgraphTests\vp_desktop_tests.vcxproj", "{C7566ADC-2C07-5E2F-87E0-E6B45DD8EF0C}"
EndProject
Project("{BC8A1FFA-BEE3-4634-8014-F334798102B3}") = "vectorPathIdCollectionBenchmark", "sgraphTests\vp_id_collection_benchmark.vcxproj", "{79AF1491-CEFF-538A-9B07-EEBB69596A7C}"
EndProject
Project("{BC8A1FFA-BEE3-4634-8014-F334798102B3}") = "smartBitmapVectorBenchmark", "sgraphVectorBenchmark\vp_bitmap_benchmark.vcxproj", "{45DF7B4F-62D4-535D-8A88-13C568A55345}"
EndProject
Project("{66A26720-8FB5-11D2-AA7E-00C04F688DDE}") = "Core", "Core", "{AA491D92-EE94-5EBB-B768-BF96889B8737}"
EndProject
Project("{66A26720-8FB5-11D2-AA7E-00C04F688DDE}") = "Desktop", "Desktop", "{F7C60F47-19B1-5C4E-B5C3-4443E98B6BF9}"
EndProject
Project("{66A26720-8FB5-11D2-AA7E-00C04F688DDE}") = "ThirdParty", "ThirdParty", "{733A0269-AE5D-5F22-972E-DA335044C5D7}"
EndProject
Project("{66A26720-8FB5-11D2-AA7E-00C04F688DDE}") = "Tests", "Tests", "{54111746-6F9E-5FCF-BBB6-1E40600310A7}"
EndProject
Project("{66A26720-8FB5-11D2-AA7E-00C04F688DDE}") = "Benchmarks", "Benchmarks", "{AE6AD53F-8767-5FE9-87C0-5C2D9EC4433B}"
EndProject
Global
	GlobalSection(SolutionConfigurationPlatforms) = preSolution
		Debug|Win32 = Debug|Win32
		Debug|x64 = Debug|x64
		Release|Win32 = Release|Win32
		Release|x64 = Release|x64
	EndGlobalSection
	GlobalSection(ProjectConfigurationPlatforms) = postSolution
		{9AC53615-EA70-56E9-B28E-600D812A515F}.Debug|Win32.ActiveCfg = Debug|Win32
		{9AC53615-EA70-56E9-B28E-600D812A515F}.Debug|Win32.Build.0 = Debug|Win32
		{9AC53615-EA70-56E9-B28E-600D812A515F}.Debug|x64.ActiveCfg = Debug|x64
		{9AC53615-EA70-56E9-B28E-600D812A515F}.Debug|x64.Build.0 = Debug|x64
		{9AC53615-EA70-56E9-B28E-600D812A515F}.Release|Win32.ActiveCfg = Release|Win32
		{9AC53615-EA70-56E9-B28E-600D812A515F}.Release|Win32.Build.0 = Release|Win32
		{9AC53615-EA70-56E9-B28E-600D812A515F}.Release|x64.ActiveCfg = Release|x64
		{9AC53615-EA70-56E9-B28E-600D812A515F}.Release|x64.Build.0 = Release|x64
		{387E7461-62C9-5522-8E10-B5D761D7E8A5}.Debug|Win32.ActiveCfg = Debug|Win32
		{387E7461-62C9-5522-8E10-B5D761D7E8A5}.Debug|Win32.Build.0 = Debug|Win32
		{387E7461-62C9-5522-8E10-B5D761D7E8A5}.Debug|x64.ActiveCfg = Debug|x64
		{387E7461-62C9-5522-8E10-B5D761D7E8A5}.Debug|x64.Build.0 = Debug|x64
		{387E7461-62C9-5522-8E10-B5D761D7E8A5}.Release|Win32.ActiveCfg = Release|Win32
		{387E7461-62C9-5522-8E10-B5D761D7E8A5}.Release|Win32.Build.0 = Release|Win32
		{387E7461-62C9-5522-8E10-B5D761D7E8A5}.Release|x64.ActiveCfg = Release|x64
		{387E7461-62C9-5522-8E10-B5D761D7E8A5}.Release|x64.Build.0 = Release|x64
		{F3A8AEB8-7BAF-53AA-A39A-20BD883F05F3}.Debug|Win32.ActiveCfg = Debug|Win32
		{F3A8AEB8-7BAF-53AA-A39A-20BD883F05F3}.Debug|Win32.Build.0 = Debug|Win32
		{F3A8AEB8-7BAF-53AA-A39A-20BD883F05F3}.Debug|x64.ActiveCfg = Debug|x64
		{F3A8AEB8-7BAF-53AA-A39A-20BD883F05F3}.Debug|x64.Build.0 = Debug|x64
		{F3A8AEB8-7BAF-53AA-A39A-20BD883F05F3}.Release|Win32.ActiveCfg = Release|Win32
		{F3A8AEB8-7BAF-53AA-A39A-20BD883F05F3}.Release|Win32.Build.0 = Release|Win32
		{F3A8AEB8-7BAF-53AA-A39A-20BD883F05F3}.Release|x64.ActiveCfg = Release|x64
		{F3A8AEB8-7BAF-53AA-A39A-20BD883F05F3}.Release|x64.Build.0 = Release|x64
		{64850208-FEAB-5B2C-82B8-7722ED641D62}.Debug|Win32.ActiveCfg = Debug|Win32
		{64850208-FEAB-5B2C-82B8-7722ED641D62}.Debug|Win32.Build.0 = Debug|Win32
		{64850208-FEAB-5B2C-82B8-7722ED641D62}.Debug|x64.ActiveCfg = Debug|x64
		{64850208-FEAB-5B2C-82B8-7722ED641D62}.Debug|x64.Build.0 = Debug|x64
		{64850208-FEAB-5B2C-82B8-7722ED641D62}.Release|Win32.ActiveCfg = Release|Win32
		{64850208-FEAB-5B2C-82B8-7722ED641D62}.Release|Win32.Build.0 = Release|Win32
		{64850208-FEAB-5B2C-82B8-7722ED641D62}.Release|x64.ActiveCfg = Release|x64
		{64850208-FEAB-5B2C-82B8-7722ED641D62}.Release|x64.Build.0 = Release|x64
		{4978BDD5-33B7-5F69-B674-2D52A073C67C}.Debug|Win32.ActiveCfg = Debug|Win32
		{4978BDD5-33B7-5F69-B674-2D52A073C67C}.Debug|Win32.Build.0 = Debug|Win32
		{4978BDD5-33B7-5F69-B674-2D52A073C67C}.Debug|x64.ActiveCfg = Debug|x64
		{4978BDD5-33B7-5F69-B674-2D52A073C67C}.Debug|x64.Build.0 = Debug|x64
		{4978BDD5-33B7-5F69-B674-2D52A073C67C}.Release|Win32.ActiveCfg = Release|Win32
		{4978BDD5-33B7-5F69-B674-2D52A073C67C}.Release|Win32.Build.0 = Release|Win32
		{4978BDD5-33B7-5F69-B674-2D52A073C67C}.Release|x64.ActiveCfg = Release|x64
		{4978BDD5-33B7-5F69-B674-2D52A073C67C}.Release|x64.Build.0 = Release|x64
		{0FB76100-7DBC-58FD-BC1F-FDC87131973D}.Debug|Win32.ActiveCfg = Debug|Win32
		{0FB76100-7DBC-58FD-BC1F-FDC87131973D}.Debug|Win32.Build.0 = Debug|Win32
		{0FB76100-7DBC-58FD-BC1F-FDC87131973D}.Debug|x64.ActiveCfg = Debug|x64
		{0FB76100-7DBC-58FD-BC1F-FDC87131973D}.Debug|x64.Build.0 = Debug|x64
		{0FB76100-7DBC-58FD-BC1F-FDC87131973D}.Release|Win32.ActiveCfg = Release|Win32
		{0FB76100-7DBC-58FD-BC1F-FDC87131973D}.Release|Win32.Build.0 = Release|Win32
		{0FB76100-7DBC-58FD-BC1F-FDC87131973D}.Release|x64.ActiveCfg = Release|x64
		{0FB76100-7DBC-58FD-BC1F-FDC87131973D}.Release|x64.Build.0 = Release|x64
		{C1524D1C-3737-5D2F-8546-1A4FAF6373AA}.Debug|Win32.ActiveCfg = Debug|Win32
		{C1524D1C-3737-5D2F-8546-1A4FAF6373AA}.Debug|Win32.Build.0 = Debug|Win32
		{C1524D1C-3737-5D2F-8546-1A4FAF6373AA}.Debug|x64.ActiveCfg = Debug|x64
		{C1524D1C-3737-5D2F-8546-1A4FAF6373AA}.Debug|x64.Build.0 = Debug|x64
		{C1524D1C-3737-5D2F-8546-1A4FAF6373AA}.Release|Win32.ActiveCfg = Release|Win32
		{C1524D1C-3737-5D2F-8546-1A4FAF6373AA}.Release|Win32.Build.0 = Release|Win32
		{C1524D1C-3737-5D2F-8546-1A4FAF6373AA}.Release|x64.ActiveCfg = Release|x64
		{C1524D1C-3737-5D2F-8546-1A4FAF6373AA}.Release|x64.Build.0 = Release|x64
		{A1C9EC06-F7F3-5CE7-A329-F2802BC8FDD1}.Debug|Win32.ActiveCfg = Debug|Win32
		{A1C9EC06-F7F3-5CE7-A329-F2802BC8FDD1}.Debug|Win32.Build.0 = Debug|Win32
		{A1C9EC06-F7F3-5CE7-A329-F2802BC8FDD1}.Debug|x64.ActiveCfg = Debug|x64
		{A1C9EC06-F7F3-5CE7-A329-F2802BC8FDD1}.Debug|x64.Build.0 = Debug|x64
		{A1C9EC06-F7F3-5CE7-A329-F2802BC8FDD1}.Release|Win32.ActiveCfg = Release|Win32
		{A1C9EC06-F7F3-5CE7-A329-F2802BC8FDD1}.Release|Win32.Build.0 = Release|Win32
		{A1C9EC06-F7F3-5CE7-A329-F2802BC8FDD1}.Release|x64.ActiveCfg = Release|x64
		{A1C9EC06-F7F3-5CE7-A329-F2802BC8FDD1}.Release|x64.Build.0 = Release|x64
		{1E0EB8B0-EDD4-5A65-85A3-51251883161F}.Debug|Win32.ActiveCfg = Debug|Win32
		{1E0EB8B0-EDD4-5A65-85A3-51251883161F}.Debug|Win32.Build.0 = Debug|Win32
		{1E0EB8B0-EDD4-5A65-85A3-51251883161F}.Debug|x64.ActiveCfg = Debug|x64
		{1E0EB8B0-EDD4-5A65-85A3-51251883161F}.Debug|x64.Build.0 = Debug|x64
		{1E0EB8B0-EDD4-5A65-85A3-51251883161F}.Release|Win32.ActiveCfg = Release|Win32
		{1E0EB8B0-EDD4-5A65-85A3-51251883161F}.Release|Win32.Build.0 = Release|Win32
		{1E0EB8B0-EDD4-5A65-85A3-51251883161F}.Release|x64.ActiveCfg = Release|x64
		{1E0EB8B0-EDD4-5A65-85A3-51251883161F}.Release|x64.Build.0 = Release|x64
		{C19F9EFD-08E1-5352-BE40-C84B1F454770}.Debug|Win32.ActiveCfg = Debug|Win32
		{C19F9EFD-08E1-5352-BE40-C84B1F454770}.Debug|Win32.Build.0 = Debug|Win32
		{C19F9EFD-08E1-5352-BE40-C84B1F454770}.Debug|x64.ActiveCfg = Debug|x64
		{C19F9EFD-08E1-5352-BE40-C84B1F454770}.Debug|x64.Build.0 = Debug|x64
		{C19F9EFD-08E1-5352-BE40-C84B1F454770}.Release|Win32.ActiveCfg = Release|Win32
		{C19F9EFD-08E1-5352-BE40-C84B1F454770}.Release|Win32.Build.0 = Release|Win32
		{C19F9EFD-08E1-5352-BE40-C84B1F454770}.Release|x64.ActiveCfg = Release|x64
		{C19F9EFD-08E1-5352-BE40-C84B1F454770}.Release|x64.Build.0 = Release|x64
		{7C075CD7-AC58-5246-A749-A5A64DBA2FBA}.Debug|Win32.ActiveCfg = Debug|Win32
		{7C075CD7-AC58-5246-A749-A5A64DBA2FBA}.Debug|Win32.Build.0 = Debug|Win32
		{7C075CD7-AC58-5246-A749-A5A64DBA2FBA}.Debug|x64.ActiveCfg = Debug|x64
		{7C075CD7-AC58-5246-A749-A5A64DBA2FBA}.Debug|x64.Build.0 = Debug|x64
		{7C075CD7-AC58-5246-A749-A5A64DBA2FBA}.Release|Win32.ActiveCfg = Release|Win32
		{7C075CD7-AC58-5246-A749-A5A64DBA2FBA}.Release|Win32.Build.0 = Release|Win32
		{7C075CD7-AC58-5246-A749-A5A64DBA2FBA}.Release|x64.ActiveCfg = Release|x64
		{7C075CD7-AC58-5246-A749-A5A64DBA2FBA}.Release|x64.Build.0 = Release|x64
		{1D9FC94A-F681-57AC-9403-E913BA702DF1}.Debug|Win32.ActiveCfg = Debug|Win32
		{1D9FC94A-F681-57AC-9403-E913BA702DF1}.Debug|Win32.Build.0 = Debug|Win32
		{1D9FC94A-F681-57AC-9403-E913BA702DF1}.Debug|x64.ActiveCfg = Debug|x64
		{1D9FC94A-F681-57AC-9403-E913BA702DF1}.Debug|x64.Build.0 = Debug|x64
		{1D9FC94A-F681-57AC-9403-E913BA702DF1}.Release|Win32.ActiveCfg = Release|Win32
		{1D9FC94A-F681-57AC-9403-E913BA702DF1}.Release|Win32.Build.0 = Release|Win32
		{1D9FC94A-F681-57AC-9403-E913BA702DF1}.Release|x64.ActiveCfg = Release|x64
		{1D9FC94A-F681-57AC-9403-E913BA702DF1}.Release|x64.Build.0 = Release|x64
		{BDA324AF-382A-544B-9302-ABC3E296C3C7}.Debug|Win32.ActiveCfg = Debug|Win32
		{BDA324AF-382A-544B-9302-ABC3E296C3C7}.Debug|x64.ActiveCfg = Debug|x64
		{BDA324AF-382A-544B-9302-ABC3E296C3C7}.Release|Win32.ActiveCfg = Release|Win32
		{BDA324AF-382A-544B-9302-ABC3E296C3C7}.Release|x64.ActiveCfg = Release|x64
		{C7566ADC-2C07-5E2F-87E0-E6B45DD8EF0C}.Debug|Win32.ActiveCfg = Debug|Win32
		{C7566ADC-2C07-5E2F-87E0-E6B45DD8EF0C}.Debug|x64.ActiveCfg = Debug|x64
		{C7566ADC-2C07-5E2F-87E0-E6B45DD8EF0C}.Release|Win32.ActiveCfg = Release|Win32
		{C7566ADC-2C07-5E2F-87E0-E6B45DD8EF0C}.Release|x64.ActiveCfg = Release|x64
		{79AF1491-CEFF-538A-9B07-EEBB69596A7C}.Debug|Win32.ActiveCfg = Debug|Win32
		{79AF1491-CEFF-538A-9B07-EEBB69596A7C}.Debug|x64.ActiveCfg = Debug|x64
		{79AF1491-CEFF-538A-9B07-EEBB69596A7C}.Release|Win32.ActiveCfg = Release|Win32
		{79AF1491-CEFF-538A-9B07-EEBB69596A7C}.Release|x64.ActiveCfg = Release|x64
		{45DF7B4F-62D4-535D-8A88-13C568A55345}.Debug|Win32.ActiveCfg = Debug|Win32
		{45DF7B4F-62D4-535D-8A88-13C568A55345}.Debug|x64.ActiveCfg = Debug|x64
		{45DF7B4F-62D4-535D-8A88-13C568A55345}.Release|Win32.ActiveCfg = Release|Win32
		{45DF7B4F-62D4-535D-8A88-13C568A55345}.Release|x64.ActiveCfg = Release|x64
	EndGlobalSection
	GlobalSection(SolutionProperties) = preSolution
		HideSolutionNode = FALSE
	EndGlobalSection
	GlobalSection(NestedProjects) = preSolution
		{387E7461-62C9-5522-8E10-B5D761D7E8A5} = {AA491D92-EE94-5EBB-B768-BF96889B8737}
		{F3A8AEB8-7BAF-53AA-A39A-20BD883F05F3} = {733A0269-AE5D-5F22-972E-DA335044C5D7}
		{64850208-FEAB-5B2C-82B8-7722ED641D62} = {AA491D92-EE94-5EBB-B768-BF96889B8737}
		{4978BDD5-33B7-5F69-B674-2D52A073C67C} = {F7C60F47-19B1-5C4E-B5C3-4443E98B6BF9}
		{0FB76100-7DBC-58FD-BC1F-FDC87131973D} = {F7C60F47-19B1-5C4E-B5C3-4443E98B6BF9}
		{C1524D1C-3737-5D2F-8546-1A4FAF6373AA} = {F7C60F47-19B1-5C4E-B5C3-4443E98B6BF9}
		{A1C9EC06-F7F3-5CE7-A329-F2802BC8FDD1} = {F7C60F47-19B1-5C4E-B5C3-4443E98B6BF9}
		{1E0EB8B0-EDD4-5A65-85A3-51251883161F} = {F7C60F47-19B1-5C4E-B5C3-4443E98B6BF9}
		{C19F9EFD-08E1-5352-BE40-C84B1F454770} = {733A0269-AE5D-5F22-972E-DA335044C5D7}
		{7C075CD7-AC58-5246-A749-A5A64DBA2FBA} = {733A0269-AE5D-5F22-972E-DA335044C5D7}
		{1D9FC94A-F681-57AC-9403-E913BA702DF1} = {F7C60F47-19B1-5C4E-B5C3-4443E98B6BF9}
		{BDA324AF-382A-544B-9302-ABC3E296C3C7} = {54111746-6F9E-5FCF-BBB6-1E40600310A7}
		{C7566ADC-2C07-5E2F-87E0-E6B45DD8EF0C} = {54111746-6F9E-5FCF-BBB6-1E40600310A7}
		{79AF1491-CEFF-538A-9B07-EEBB69596A7C} = {AE6AD53F-8767-5FE9-87C0-5C2D9EC4433B}
		{45DF7B4F-62D4-535D-8A88-13C568A55345} = {AE6AD53F-8767-5FE9-87C0-5C2D9EC4433B}
	EndGlobalSection
EndGlobal
