<?xml version="1.0" encoding="utf-8"?>
<Project xmlns="http://schemas.microsoft.com/developer/msbuild/2003" ToolsVersion="4.0">
  <ItemGroup>
    <Filter Include="Source Files">
      <UniqueIdentifier>{9FAB7B01-3B08-5148-ADE9-AF876D50B465}</UniqueIdentifier>
    </Filter>
    <Filter Include="Header Files">
      <UniqueIdentifier>{1A4587A4-B0BA-5105-87BA-73D1339B7F70}</UniqueIdentifier>
    </Filter>
    <Filter Include="Resources">
      <UniqueIdentifier>{C5B1F596-589B-503A-A4A4-06C0317261FA}</UniqueIdentifier>
    </Filter>
    <Filter Include="Other Files">
      <UniqueIdentifier>{F31D4F38-A49B-542C-B1EE-8FB4BD1F34CF}</UniqueIdentifier>
    </Filter>
  </ItemGroup>
  <ItemGroup>
    <ClCompile Include="vp_command_catalog.cpp">
      <Filter>Source Files</Filter>
    </ClCompile>
    <ClCompile Include="vp_coordinate_input.cpp">
      <Filter>Source Files</Filter>
    </ClCompile>
  </ItemGroup>
  <ItemGroup>
    <ClInclude Include="vp_command_catalog.h">
      <Filter>Header Files</Filter>
    </ClInclude>
    <ClInclude Include="vp_coordinate_input.h">
      <Filter>Header Files</Filter>
    </ClInclude>
  </ItemGroup>
</Project>
