<?xml version="1.0" encoding="utf-8"?>
<Project xmlns="http://schemas.microsoft.com/developer/msbuild/2003" ToolsVersion="4.0">
  <ItemGroup>
    <Filter Include="Source Files">
      <UniqueIdentifier>{929484AA-CE72-5D02-AE4F-F77A430EF2D4}</UniqueIdentifier>
    </Filter>
    <Filter Include="Header Files">
      <UniqueIdentifier>{0197B50B-5DB8-5EA3-B5DA-CAB88257E1FC}</UniqueIdentifier>
    </Filter>
    <Filter Include="Resources">
      <UniqueIdentifier>{B3818F3C-EE8C-5D80-A2EF-628416B9AC7B}</UniqueIdentifier>
    </Filter>
    <Filter Include="Other Files">
      <UniqueIdentifier>{22AF62D4-860C-5473-877A-446E369C4AE6}</UniqueIdentifier>
    </Filter>
  </ItemGroup>
  <ItemGroup>
    <ClCompile Include="vp_application_settings_migration.cpp">
      <Filter>Source Files</Filter>
    </ClCompile>
    <ClCompile Include="sgraphDesignSystem\vp_theme_manager.cpp">
      <Filter>Source Files</Filter>
    </ClCompile>
    <ClCompile Include="sgraphDesignSystem\vp_proxy_style.cpp">
      <Filter>Source Files</Filter>
    </ClCompile>
    <ClCompile Include="sgraphDesignSystem\vp_icon_provider.cpp">
      <Filter>Source Files</Filter>
    </ClCompile>
    <ClCompile Include="sgraphDesignSystem\vp_file_icon.cpp">
      <Filter>Source Files</Filter>
    </ClCompile>
    <ClCompile Include="sgraphDesignSystem\vp_import_icon.cpp">
      <Filter>Source Files</Filter>
    </ClCompile>
    <ClCompile Include="sgraphDesignSystem\vp_icon_names.cpp">
      <Filter>Source Files</Filter>
    </ClCompile>
    <ClCompile Include="sgraphDesignSystem\vp_dimension_icon.cpp">
      <Filter>Source Files</Filter>
    </ClCompile>
    <ClCompile Include="sgraphDesignSystem\vp_hatch_icon.cpp">
      <Filter>Source Files</Filter>
    </ClCompile>
    <ClCompile Include="sgraphDesignSystem\vp_output_icon.cpp">
      <Filter>Source Files</Filter>
    </ClCompile>
    <ClCompile Include="sgraphDesignSystem\vp_shape_boolean_icon.cpp">
      <Filter>Source Files</Filter>
    </ClCompile>
    <ClCompile Include="sgraphDesignSystem\vp_specialized_icon.cpp">
      <Filter>Source Files</Filter>
    </ClCompile>
    <ClCompile Include="sgraphDesignSystem\vp_quick_transform_icon.cpp">
      <Filter>Source Files</Filter>
    </ClCompile>
    <ClCompile Include="vp_command_line_widget.cpp">
      <Filter>Source Files</Filter>
    </ClCompile>
    <ClCompile Include="vp_cad_workspace_widget.cpp">
      <Filter>Source Files</Filter>
    </ClCompile>
    <ClCompile Include="vp_cad_property_ui.cpp">
      <Filter>Source Files</Filter>
    </ClCompile>
    <ClCompile Include="vp_cad_property_tree.cpp">
      <Filter>Source Files</Filter>
    </ClCompile>
    <ClCompile Include="vp_shortcut_manager.cpp">
      <Filter>Source Files</Filter>
    </ClCompile>
    <ClCompile Include="vp_shortcut_dialog.cpp">
      <Filter>Source Files</Filter>
    </ClCompile>
    <ClCompile Include="vp_dialog_service.cpp">
      <Filter>Source Files</Filter>
    </ClCompile>
    <ClCompile Include="vp_cad_main_window.cpp">
      <Filter>Source Files</Filter>
    </ClCompile>
    <ClCompile Include="vp_cad_main_window_command.cpp">
      <Filter>Source Files</Filter>
    </ClCompile>
    <ClCompile Include="vp_cad_main_window_execute.cpp">
      <Filter>Source Files</Filter>
    </ClCompile>
    <ClCompile Include="vp_cad_main_window_coordinate.cpp">
      <Filter>Source Files</Filter>
    </ClCompile>
    <ClCompile Include="vp_cad_main_window_drafting.cpp">
      <Filter>Source Files</Filter>
    </ClCompile>
    <ClCompile Include="vp_cad_main_window_annotation.cpp">
      <Filter>Source Files</Filter>
    </ClCompile>
    <ClCompile Include="vp_cad_main_window_dimension.cpp">
      <Filter>Source Files</Filter>
    </ClCompile>
    <ClCompile Include="vp_cad_main_window_dimension_style.cpp">
      <Filter>Source Files</Filter>
    </ClCompile>
    <ClCompile Include="vp_cad_main_window_hatch.cpp">
      <Filter>Source Files</Filter>
    </ClCompile>
    <ClCompile Include="vp_cad_main_window_text_style.cpp">
      <Filter>Source Files</Filter>
    </ClCompile>
    <ClCompile Include="vp_cad_main_window_setup.cpp">
      <Filter>Source Files</Filter>
    </ClCompile>
    <ClCompile Include="vp_cad_main_window_units.cpp">
      <Filter>Source Files</Filter>
    </ClCompile>
    <ClCompile Include="vp_cad_main_window_file.cpp">
      <Filter>Source Files</Filter>
    </ClCompile>
    <ClCompile Include="vp_cad_main_window_vector_import.cpp">
      <Filter>Source Files</Filter>
    </ClCompile>
    <ClCompile Include="vp_cad_main_window_recovery.cpp">
      <Filter>Source Files</Filter>
    </ClCompile>
    <ClCompile Include="vp_cad_main_window_audit.cpp">
      <Filter>Source Files</Filter>
    </ClCompile>
    <ClCompile Include="vp_cad_main_window_icon.cpp">
      <Filter>Source Files</Filter>
    </ClCompile>
    <ClCompile Include="vp_cad_main_window_ui_scale.cpp">
      <Filter>Source Files</Filter>
    </ClCompile>
    <ClCompile Include="vp_cad_main_window_layer.cpp">
      <Filter>Source Files</Filter>
    </ClCompile>
    <ClCompile Include="vp_cad_main_window_boolean.cpp">
      <Filter>Source Files</Filter>
    </ClCompile>
    <ClCompile Include="vp_cad_main_window_workspace.cpp">
      <Filter>Source Files</Filter>
    </ClCompile>
    <ClCompile Include="vp_cad_workspace_proportion.cpp">
      <Filter>Source Files</Filter>
    </ClCompile>
    <ClCompile Include="vp_cad_main_window_view.cpp">
      <Filter>Source Files</Filter>
    </ClCompile>
    <ClCompile Include="vp_cad_main_window_display.cpp">
      <Filter>Source Files</Filter>
    </ClCompile>
    <ClCompile Include="vp_cad_main_window_plot.cpp">
      <Filter>Source Files</Filter>
    </ClCompile>
    <ClCompile Include="vp_cad_main_window_shortcut.cpp">
      <Filter>Source Files</Filter>
    </ClCompile>
    <ClCompile Include="vp_cad_main_window_simulation.cpp">
      <Filter>Source Files</Filter>
    </ClCompile>
    <ClCompile Include="vp_cad_main_window_quick_operation.cpp">
      <Filter>Source Files</Filter>
    </ClCompile>
    <ClCompile Include="vp_quick_entity_operation.cpp">
      <Filter>Source Files</Filter>
    </ClCompile>
    <ClCompile Include="vp_selection_context_bar.cpp">
      <Filter>Source Files</Filter>
    </ClCompile>
    <ClCompile Include="vp_toolpath_sort_dialog.cpp">
      <Filter>Source Files</Filter>
    </ClCompile>
    <ClCompile Include="vp_toolpath_simulation_controller.cpp">
      <Filter>Source Files</Filter>
    </ClCompile>
    <ClCompile Include="vp_vector_import_dialog.cpp">
      <Filter>Source Files</Filter>
    </ClCompile>
  </ItemGroup>
  <ItemGroup>
    <ClInclude Include="vp_application_settings_migration.h">
      <Filter>Header Files</Filter>
    </ClInclude>
    <ClInclude Include="sgraphDesignSystem\vp_design_token.h">
      <Filter>Header Files</Filter>
    </ClInclude>
    <ClInclude Include="sgraphDesignSystem\vp_proxy_style.h">
      <Filter>Header Files</Filter>
    </ClInclude>
    <ClInclude Include="sgraphDesignSystem\vp_icon_provider.h">
      <Filter>Header Files</Filter>
    </ClInclude>
    <ClInclude Include="sgraphDesignSystem\vp_file_icon.h">
      <Filter>Header Files</Filter>
    </ClInclude>
    <ClInclude Include="sgraphDesignSystem\vp_import_icon.h">
      <Filter>Header Files</Filter>
    </ClInclude>
    <ClInclude Include="sgraphDesignSystem\vp_dimension_icon.h">
      <Filter>Header Files</Filter>
    </ClInclude>
    <ClInclude Include="sgraphDesignSystem\vp_hatch_icon.h">
      <Filter>Header Files</Filter>
    </ClInclude>
    <ClInclude Include="sgraphDesignSystem\vp_output_icon.h">
      <Filter>Header Files</Filter>
    </ClInclude>
    <ClInclude Include="sgraphDesignSystem\vp_shape_boolean_icon.h">
      <Filter>Header Files</Filter>
    </ClInclude>
    <ClInclude Include="sgraphDesignSystem\vp_specialized_icon.h">
      <Filter>Header Files</Filter>
    </ClInclude>
    <ClInclude Include="sgraphDesignSystem\vp_quick_transform_icon.h">
      <Filter>Header Files</Filter>
    </ClInclude>
    <ClInclude Include="vp_cad_property_ui.h">
      <Filter>Header Files</Filter>
    </ClInclude>
    <ClInclude Include="vp_cad_property_tree.h">
      <Filter>Header Files</Filter>
    </ClInclude>
    <ClInclude Include="vp_shortcut_manager.h">
      <Filter>Header Files</Filter>
    </ClInclude>
    <ClInclude Include="vp_shortcut_dialog.h">
      <Filter>Header Files</Filter>
    </ClInclude>
    <ClInclude Include="vp_dialog_service.h">
      <Filter>Header Files</Filter>
    </ClInclude>
    <ClInclude Include="vp_quick_entity_operation.h">
      <Filter>Header Files</Filter>
    </ClInclude>
    <ClInclude Include="vp_selection_context_bar.h">
      <Filter>Header Files</Filter>
    </ClInclude>
    <ClInclude Include="vp_toolpath_sort_dialog.h">
      <Filter>Header Files</Filter>
    </ClInclude>
    <ClInclude Include="vp_vector_import_dialog.h">
      <Filter>Header Files</Filter>
    </ClInclude>
  </ItemGroup>
  <ItemGroup>
    <QtMoc Include="sgraphDesignSystem\vp_theme_manager.h">
      <Filter>Header Files</Filter>
    </QtMoc>
    <QtMoc Include="vp_command_line_widget.h">
      <Filter>Header Files</Filter>
    </QtMoc>
    <QtMoc Include="vp_cad_workspace_widget.h">
      <Filter>Header Files</Filter>
    </QtMoc>
    <QtMoc Include="vp_cad_main_window.h">
      <Filter>Header Files</Filter>
    </QtMoc>
    <QtMoc Include="vp_toolpath_simulation_controller.h">
      <Filter>Header Files</Filter>
    </QtMoc>
  </ItemGroup>
  <ItemGroup>
    <QtRcc Include="vp_gui_resources.qrc">
      <Filter>Resources</Filter>
    </QtRcc>
  </ItemGroup>
  <ItemGroup>
    <None Include="sgraphDesignSystem\vp_theme_dark.json">
      <Filter>Other Files</Filter>
    </None>
    <None Include="sgraphDesignSystem\vp_theme_light.json">
      <Filter>Other Files</Filter>
    </None>
    <None Include="sgraphDesignSystem\vp_theme_high_contrast.json">
      <Filter>Other Files</Filter>
    </None>
  </ItemGroup>
</Project>
