<?xml version="1.0" encoding="utf-8"?>
<Project xmlns="http://schemas.microsoft.com/developer/msbuild/2003" ToolsVersion="4.0">
  <ItemGroup>
    <Filter Include="Source Files">
      <UniqueIdentifier>{CC413307-A6D2-57DC-9A42-B96DF054E2A0}</UniqueIdentifier>
    </Filter>
    <Filter Include="Header Files">
      <UniqueIdentifier>{0A6525A5-069C-55EC-A5F5-A26E381C9E29}</UniqueIdentifier>
    </Filter>
    <Filter Include="Resources">
      <UniqueIdentifier>{6D34676C-5C75-59ED-84EF-FE88C7F8D871}</UniqueIdentifier>
    </Filter>
    <Filter Include="Other Files">
      <UniqueIdentifier>{ACAF6C78-9EFD-555C-B80F-4269808D77C0}</UniqueIdentifier>
    </Filter>
  </ItemGroup>
  <ItemGroup>
    <ClCompile Include="src\vp_bitmap_benchmark_generator.cpp">
      <Filter>Source Files</Filter>
    </ClCompile>
    <ClCompile Include="src\vp_bitmap_flood_baseline.cpp">
      <Filter>Source Files</Filter>
    </ClCompile>
    <ClCompile Include="src\vp_bitmap_benchmark_validation.cpp">
      <Filter>Source Files</Filter>
    </ClCompile>
    <ClCompile Include="src\vp_bitmap_benchmark_report.cpp">
      <Filter>Source Files</Filter>
    </ClCompile>
    <ClCompile Include="src\vp_bitmap_vector_benchmark.cpp">
      <Filter>Source Files</Filter>
    </ClCompile>
  </ItemGroup>
  <ItemGroup>
    <ClInclude Include="src\vp_bitmap_benchmark_types.h">
      <Filter>Header Files</Filter>
    </ClInclude>
    <ClInclude Include="src\vp_bitmap_benchmark_generator.h">
      <Filter>Header Files</Filter>
    </ClInclude>
    <ClInclude Include="src\vp_bitmap_flood_baseline.h">
      <Filter>Header Files</Filter>
    </ClInclude>
    <ClInclude Include="src\vp_bitmap_benchmark_validation.h">
      <Filter>Header Files</Filter>
    </ClInclude>
    <ClInclude Include="src\vp_bitmap_benchmark_report.h">
      <Filter>Header Files</Filter>
    </ClInclude>
  </ItemGroup>
</Project>
