<?xml version="1.0" encoding="utf-8"?>
<Project xmlns="http://schemas.microsoft.com/developer/msbuild/2003" ToolsVersion="4.0">
  <ItemGroup>
    <Filter Include="Source Files">
      <UniqueIdentifier>{7E2AEE71-7C75-57C1-8D9E-58BAA6A3125A}</UniqueIdentifier>
    </Filter>
    <Filter Include="Header Files">
      <UniqueIdentifier>{5622CEE3-795F-5418-8871-59F6BAD09B0D}</UniqueIdentifier>
    </Filter>
    <Filter Include="Resources">
      <UniqueIdentifier>{F9044B31-B25B-5C00-90CE-426E84BC2F94}</UniqueIdentifier>
    </Filter>
    <Filter Include="Other Files">
      <UniqueIdentifier>{5C2B1B44-F70A-5715-B78C-837A65B5D15A}</UniqueIdentifier>
    </Filter>
  </ItemGroup>
  <ItemGroup>
    <ClCompile Include="vp_qt_geometry.cpp">
      <Filter>Source Files</Filter>
    </ClCompile>
    <ClCompile Include="vp_dimension_geometry.cpp">
      <Filter>Source Files</Filter>
    </ClCompile>
    <ClCompile Include="vp_hatch_geometry.cpp">
      <Filter>Source Files</Filter>
    </ClCompile>
    <ClCompile Include="vp_toolpath.cpp">
      <Filter>Source Files</Filter>
    </ClCompile>
  </ItemGroup>
  <ItemGroup>
    <ClInclude Include="vp_qt_geometry.h">
      <Filter>Header Files</Filter>
    </ClInclude>
    <ClInclude Include="vp_qt_text.h">
      <Filter>Header Files</Filter>
    </ClInclude>
    <ClInclude Include="vp_entity.h">
      <Filter>Header Files</Filter>
    </ClInclude>
    <ClInclude Include="vp_dimension_geometry.h">
      <Filter>Header Files</Filter>
    </ClInclude>
    <ClInclude Include="vp_hatch_geometry.h">
      <Filter>Header Files</Filter>
    </ClInclude>
    <ClInclude Include="vp_toolpath.h">
      <Filter>Header Files</Filter>
    </ClInclude>
  </ItemGroup>
</Project>
