<?xml version="1.0" encoding="utf-8"?>
<Project xmlns="http://schemas.microsoft.com/developer/msbuild/2003" ToolsVersion="4.0">
  <ItemGroup>
    <Filter Include="Source Files">
      <UniqueIdentifier>{C31F510F-9AA0-51FA-9C1F-4FD5D2189DA2}</UniqueIdentifier>
    </Filter>
    <Filter Include="Header Files">
      <UniqueIdentifier>{616CD85F-2F80-5548-BFC8-CB416CE79787}</UniqueIdentifier>
    </Filter>
    <Filter Include="Resources">
      <UniqueIdentifier>{F1D46BDF-0A04-510B-B61F-7585DEFF147B}</UniqueIdentifier>
    </Filter>
    <Filter Include="Other Files">
      <UniqueIdentifier>{F8DFCCD5-691B-5C66-8EE7-8D531BD178DF}</UniqueIdentifier>
    </Filter>
  </ItemGroup>
  <ItemGroup>
    <ClCompile Include="vp_drafting_state.cpp">
      <Filter>Source Files</Filter>
    </ClCompile>
    <ClCompile Include="vp_geometry_types.cpp">
      <Filter>Source Files</Filter>
    </ClCompile>
    <ClCompile Include="vp_standard_shape.cpp">
      <Filter>Source Files</Filter>
    </ClCompile>
    <ClCompile Include="vp_polygon_boolean.cpp">
      <Filter>Source Files</Filter>
    </ClCompile>
    <ClCompile Include="vp_polygon_geometry.cpp">
      <Filter>Source Files</Filter>
    </ClCompile>
    <ClCompile Include="vp_spline_geometry.cpp">
      <Filter>Source Files</Filter>
    </ClCompile>
    <ClCompile Include="vp_ellipse_geometry.cpp">
      <Filter>Source Files</Filter>
    </ClCompile>
  </ItemGroup>
  <ItemGroup>
    <ClInclude Include="vp_drafting_state.h">
      <Filter>Header Files</Filter>
    </ClInclude>
    <ClInclude Include="vp_geometry_types.h">
      <Filter>Header Files</Filter>
    </ClInclude>
    <ClInclude Include="vp_curve_entities.h">
      <Filter>Header Files</Filter>
    </ClInclude>
    <ClInclude Include="vp_standard_shape.h">
      <Filter>Header Files</Filter>
    </ClInclude>
    <ClInclude Include="vp_polygon_boolean.h">
      <Filter>Header Files</Filter>
    </ClInclude>
    <ClInclude Include="vp_polygon_geometry.h">
      <Filter>Header Files</Filter>
    </ClInclude>
    <ClInclude Include="vp_spline_geometry.h">
      <Filter>Header Files</Filter>
    </ClInclude>
    <ClInclude Include="vp_ellipse_geometry.h">
      <Filter>Header Files</Filter>
    </ClInclude>
  </ItemGroup>
</Project>
