<?xml version="1.0" encoding="utf-8"?>
<Project xmlns="http://schemas.microsoft.com/developer/msbuild/2003" ToolsVersion="4.0">
  <ItemGroup>
    <Filter Include="Source Files">
      <UniqueIdentifier>{F82A349F-E95D-5907-AAB3-9A25CF7DBD49}</UniqueIdentifier>
    </Filter>
    <Filter Include="Header Files">
      <UniqueIdentifier>{E7B80307-21ED-5FA4-9080-D9C8CB805EEF}</UniqueIdentifier>
    </Filter>
    <Filter Include="Resources">
      <UniqueIdentifier>{FF9AE453-880B-526C-8F46-F35E51DA68E8}</UniqueIdentifier>
    </Filter>
    <Filter Include="Other Files">
      <UniqueIdentifier>{7573C24C-CAFB-55C1-906E-0C924A26D666}</UniqueIdentifier>
    </Filter>
  </ItemGroup>
  <ItemGroup>
    <ClCompile Include="vp_dxf_codec.cpp">
      <Filter>Source Files</Filter>
    </ClCompile>
    <ClCompile Include="vp_dxf_pair.cpp">
      <Filter>Source Files</Filter>
    </ClCompile>
    <ClCompile Include="vp_dxf_entity_io.cpp">
      <Filter>Source Files</Filter>
    </ClCompile>
    <ClCompile Include="vp_dxf_table_io.cpp">
      <Filter>Source Files</Filter>
    </ClCompile>
    <ClCompile Include="vp_dwg_codec.cpp">
      <Filter>Source Files</Filter>
    </ClCompile>
    <ClCompile Include="vp_dwg_dxf_adapter.cpp">
      <Filter>Source Files</Filter>
    </ClCompile>
    <ClCompile Include="vp_dxf_hatch_io.cpp">
      <Filter>Source Files</Filter>
    </ClCompile>
    <ClCompile Include="vp_svg_path_parser.cpp">
      <Filter>Source Files</Filter>
    </ClCompile>
    <ClCompile Include="vp_svg_parser.cpp">
      <Filter>Source Files</Filter>
    </ClCompile>
    <ClCompile Include="vp_vector_fill.cpp">
      <Filter>Source Files</Filter>
    </ClCompile>
    <ClCompile Include="vp_bitmap_vectorizer.cpp">
      <Filter>Source Files</Filter>
    </ClCompile>
    <ClCompile Include="vp_bitmap_contour_stitcher.cpp">
      <Filter>Source Files</Filter>
    </ClCompile>
    <ClCompile Include="vp_bitmap_run_vectorizer.cpp">
      <Filter>Source Files</Filter>
    </ClCompile>
    <ClCompile Include="vp_vector_document_import.cpp">
      <Filter>Source Files</Filter>
    </ClCompile>
    <ClCompile Include="vp_svg_document_operations.cpp">
      <Filter>Source Files</Filter>
    </ClCompile>
  </ItemGroup>
  <ItemGroup>
    <ClInclude Include="vp_file_compatibility_report.h">
      <Filter>Header Files</Filter>
    </ClInclude>
    <ClInclude Include="vp_i_file_codec.h">
      <Filter>Header Files</Filter>
    </ClInclude>
    <ClInclude Include="vp_dxf_codec.h">
      <Filter>Header Files</Filter>
    </ClInclude>
    <ClInclude Include="vp_dxf_pair.h">
      <Filter>Header Files</Filter>
    </ClInclude>
    <ClInclude Include="vp_dxf_entity_io.h">
      <Filter>Header Files</Filter>
    </ClInclude>
    <ClInclude Include="vp_dxf_table_io.h">
      <Filter>Header Files</Filter>
    </ClInclude>
    <ClInclude Include="vp_dwg_codec.h">
      <Filter>Header Files</Filter>
    </ClInclude>
    <ClInclude Include="vp_dwg_dxf_adapter.h">
      <Filter>Header Files</Filter>
    </ClInclude>
    <ClInclude Include="vp_dxf_hatch_io.h">
      <Filter>Header Files</Filter>
    </ClInclude>
    <ClInclude Include="vp_svg_path_parser.h">
      <Filter>Header Files</Filter>
    </ClInclude>
    <ClInclude Include="vp_svg_vector_data.h">
      <Filter>Header Files</Filter>
    </ClInclude>
    <ClInclude Include="vp_svg_parser.h">
      <Filter>Header Files</Filter>
    </ClInclude>
    <ClInclude Include="vp_vector_fill.h">
      <Filter>Header Files</Filter>
    </ClInclude>
    <ClInclude Include="vp_bitmap_vectorizer.h">
      <Filter>Header Files</Filter>
    </ClInclude>
    <ClInclude Include="vp_bitmap_vector_private.h">
      <Filter>Header Files</Filter>
    </ClInclude>
    <ClInclude Include="vp_vector_document_import.h">
      <Filter>Header Files</Filter>
    </ClInclude>
    <ClInclude Include="vp_svg_document_operations.h">
      <Filter>Header Files</Filter>
    </ClInclude>
  </ItemGroup>
</Project>
