<?xml version="1.0" encoding="utf-8"?>
<Project xmlns="http://schemas.microsoft.com/developer/msbuild/2003" ToolsVersion="4.0">
  <ItemGroup>
    <Filter Include="Source Files">
      <UniqueIdentifier>{69830547-1636-5137-821D-B0A62D1187B8}</UniqueIdentifier>
    </Filter>
    <Filter Include="Header Files">
      <UniqueIdentifier>{A6740F01-8754-59C7-8080-9FD4FCEFF61A}</UniqueIdentifier>
    </Filter>
    <Filter Include="Resources">
      <UniqueIdentifier>{0DA7ADD1-F866-527D-B2C6-F17092BB6292}</UniqueIdentifier>
    </Filter>
    <Filter Include="Other Files">
      <UniqueIdentifier>{45C0CF4B-2CB3-59C8-A7D1-FBA4321527EE}</UniqueIdentifier>
    </Filter>
  </ItemGroup>
  <ItemGroup>
    <ClCompile Include="vp_main.cpp">
      <Filter>Source Files</Filter>
    </ClCompile>
    <ClCompile Include="vp_chinese_ui_translator.cpp">
      <Filter>Source Files</Filter>
    </ClCompile>
  </ItemGroup>
  <ItemGroup>
    <ClInclude Include="vp_chinese_ui_translator.h">
      <Filter>Header Files</Filter>
    </ClInclude>
  </ItemGroup>
</Project>
